
Microsoft Visual Studio Solution File, Format Version 12.00
# Visual Studio Version 17
VisualStudioVersion = 17.11.35312.102
MinimumVisualStudioVersion = 10.0.40219.1
Project("{9A19103F-16F7-4668-BE54-9A1E7A4F7556}") = "IMS.WebApp", "IMS.WebApp\IMS.WebApp.csproj", "{F6E6355C-B1FE-42F7-9C25-A76293DADE39}"
EndProject
Project("{9A19103F-16F7-4668-BE54-9A1E7A4F7556}") = "IMS.UseCases", "..\IMS.UseCases\IMS.UseCases.csproj", "{6CB23F1C-9BFF-4A1D-BDD9-7340BEAAF1FC}"
EndProject
Project("{9A19103F-16F7-4668-BE54-9A1E7A4F7556}") = "IMS.CoreBusiness", "..\IMS.CoreBusiness\IMS.CoreBusiness.csproj", "{EDE04CBF-7DA5-41D0-BC38-54588D30109D}"
EndProject
Project("{2150E333-8FDC-42A3-9474-1A3956D46DE8}") = "IMS.Plugins", "IMS.Plugins", "{3E68EB81-755D-4B1A-B657-66A60EF9CA9D}"
EndProject
Project("{9A19103F-16F7-4668-BE54-9A1E7A4F7556}") = "IMS.Plugins.InMemory", "..\IMS.Plugins\IMS.Plugins.InMemory\IMS.Plugins.InMemory.csproj", "{EEDDDA5A-D4E3-4362-81E9-365E2200FC80}"
EndProject
Global
	GlobalSection(SolutionConfigurationPlatforms) = preSolution
		Debug|Any CPU = Debug|Any CPU
		Release|Any CPU = Release|Any CPU
	EndGlobalSection
	GlobalSection(ProjectConfigurationPlatforms) = postSolution
		{F6E6355C-B1FE-42F7-9C25-A76293DADE39}.Debug|Any CPU.ActiveCfg = Debug|Any CPU
		{F6E6355C-B1FE-42F7-9C25-A76293DADE39}.Debug|Any CPU.Build.0 = Debug|Any CPU
		{F6E6355C-B1FE-42F7-9C25-A76293DADE39}.Release|Any CPU.ActiveCfg = Release|Any CPU
		{F6E6355C-B1FE-42F7-9C25-A76293DADE39}.Release|Any CPU.Build.0 = Release|Any CPU
		{6CB23F1C-9BFF-4A1D-BDD9-7340BEAAF1FC}.Debug|Any CPU.ActiveCfg = Debug|Any CPU
		{6CB23F1C-9BFF-4A1D-BDD9-7340BEAAF1FC}.Debug|Any CPU.Build.0 = Debug|Any CPU
		{6CB23F1C-9BFF-4A1D-BDD9-7340BEAAF1FC}.Release|Any CPU.ActiveCfg = Release|Any CPU
		{6CB23F1C-9BFF-4A1D-BDD9-7340BEAAF1FC}.Release|Any CPU.Build.0 = Release|Any CPU
		{EDE04CBF-7DA5-41D0-BC38-54588D30109D}.Debug|Any CPU.ActiveCfg = Debug|Any CPU
		{EDE04CBF-7DA5-41D0-BC38-54588D30109D}.Debug|Any CPU.Build.0 = Debug|Any CPU
		{EDE04CBF-7DA5-41D0-BC38-54588D30109D}.Release|Any CPU.ActiveCfg = Release|Any CPU
		{EDE04CBF-7DA5-41D0-BC38-54588D30109D}.Release|Any CPU.Build.0 = Release|Any CPU
		{EEDDDA5A-D4E3-4362-81E9-365E2200FC80}.Debug|Any CPU.ActiveCfg = Debug|Any CPU
		{EEDDDA5A-D4E3-4362-81E9-365E2200FC80}.Debug|Any CPU.Build.0 = Debug|Any CPU
		{EEDDDA5A-D4E3-4362-81E9-365E2200FC80}.Release|Any CPU.ActiveCfg = Release|Any CPU
		{EEDDDA5A-D4E3-4362-81E9-365E2200FC80}.Release|Any CPU.Build.0 = Release|Any CPU
	EndGlobalSection
	GlobalSection(SolutionProperties) = preSolution
		HideSolutionNode = FALSE
	EndGlobalSection
	GlobalSection(NestedProjects) = preSolution
		{EEDDDA5A-D4E3-4362-81E9-365E2200FC80} = {3E68EB81-755D-4B1A-B657-66A60EF9CA9D}
	EndGlobalSection
	GlobalSection(ExtensibilityGlobals) = postSolution
		SolutionGuid = {3CB6FEC3-7A81-4C12-8067-9F6688D8E9C6}
	EndGlobalSection
EndGlobal
